
Microsoft Visual Studio Solution File, Format Version 12.00
# Visual Studio Version 16
VisualStudioVersion = 16.0.31515.178
MinimumVisualStudioVersion = 10.0.40219.1
Project("{8BC9CEB8-8B4A-11D0-8D11-00A0C91BC942}") = "Project1", "Project1\Project1.vcxproj", "{93BA0C5F-A01C-4CAF-8082-4B86CB18FF3E}"
EndProject
Project("{8BC9CEB8-8B4A-11D0-8D11-00A0C91BC942}") = "Project2", "Project2\Project2.vcxproj", "{6B80249D-CF48-44FF-B0CA-548069FE9943}"
EndProject
Global
	GlobalSection(SolutionConfigurationPlatforms) = preSolution
		Debug|x64 = Debug|x64
		Debug|x86 = Debug|x86
		Release|x64 = Release|x64
		Release|x86 = Release|x86
	EndGlobalSection
	GlobalSection(ProjectConfigurationPlatforms) = postSolution
		{93BA0C5F-A01C-4CAF-8082-4B86CB18FF3E}.Debug|x64.ActiveCfg = Debug|x64
		{93BA0C5F-A01C-4CAF-8082-4B86CB18FF3E}.Debug|x64.Build.0 = Debug|x64
		{93BA0C5F-A01C-4CAF-8082-4B86CB18FF3E}.Debug|x86.ActiveCfg = Debug|Win32
		{93BA0C5F-A01C-4CAF-8082-4B86CB18FF3E}.Debug|x86.Build.0 = Debug|Win32
		{93BA0C5F-A01C-4CAF-8082-4B86CB18FF3E}.Release|x64.ActiveCfg = Release|x64
		{93BA0C5F-A01C-4CAF-8082-4B86CB18FF3E}.Release|x64.Build.0 = Release|x64
		{93BA0C5F-A01C-4CAF-8082-4B86CB18FF3E}.Release|x86.ActiveCfg = Release|Win32
		{93BA0C5F-A01C-4CAF-8082-4B86CB18FF3E}.Release|x86.Build.0 = Release|Win32
		{6B80249D-CF48-44FF-B0CA-548069FE9943}.Debug|x64.ActiveCfg = Debug|x64
		{6B80249D-CF48-44FF-B0CA-548069FE9943}.Debug|x64.Build.0 = Debug|x64
		{6B80249D-CF48-44FF-B0CA-548069FE9943}.Debug|x86.ActiveCfg = Debug|Win32
		{6B80249D-CF48-44FF-B0CA-548069FE9943}.Debug|x86.Build.0 = Debug|Win32
		{6B80249D-CF48-44FF-B0CA-548069FE9943}.Release|x64.ActiveCfg = Release|x64
		{6B80249D-CF48-44FF-B0CA-548069FE9943}.Release|x64.Build.0 = Release|x64
		{6B80249D-CF48-44FF-B0CA-548069FE9943}.Release|x86.ActiveCfg = Release|Win32
		{6B80249D-CF48-44FF-B0CA-548069FE9943}.Release|x86.Build.0 = Release|Win32
	EndGlobalSection
	GlobalSection(SolutionProperties) = preSolution
		HideSolutionNode = FALSE
	EndGlobalSection
	GlobalSection(ExtensibilityGlobals) = postSolution
		SolutionGuid = {44C82917-6047-4083-BA4E-313B9162411B}
	EndGlobalSection
EndGlobal
